{
  "name": "PsWebService",
  "lockfileVersion": 3,
  "requires": true,
  "packages": {
    "": {
      "dependencies": {
        "@stripe/cli": "^1.50.1"
      }
    },
    "node_modules/@stripe/cli": {
      "version": "1.50.1",
      "resolved": "https://registry.npmjs.org/@stripe/cli/-/cli-1.50.1.tgz",
      "integrity": "sha512-v6c6eepq6Gw944jzUHgy25eHTIwYxq3hQoADEP7xZJvGSOS5jYoRM+4tIyKqS4nJAG1PsDqhjsVYAtGvOyy8Jw==",
      "hasInstallScript": true,
      "license": "MIT",
      "bin": {
        "stripe": "bin/shim.js"
      },
      "engines": {
        "node": ">=18.0.0"
      },
      "optionalDependencies": {
        "@stripe/cli-darwin-arm64": "1.50.1",
        "@stripe/cli-darwin-x64": "1.50.1",
        "@stripe/cli-linux-arm64": "1.50.1",
        "@stripe/cli-linux-x64": "1.50.1",
        "@stripe/cli-win32-x64": "1.50.1"
      }
    },
    "node_modules/@stripe/cli-darwin-arm64": {
      "version": "1.50.1",
      "resolved": "https://registry.npmjs.org/@stripe/cli-darwin-arm64/-/cli-darwin-arm64-1.50.1.tgz",
      "integrity": "sha512-eQY1Zl6zf7xVmc9BnTDePWTXrq0PqRVNA/kgWqkIBZ7eBbLcnjbWHKc1mK1NKAFeNfzsHgaBCg6Z3TPlXEqqYw==",
      "cpu": [
        "arm64"
      ],
      "license": "MIT",
      "optional": true,
      "os": [
        "darwin"
      ]
    },
    "node_modules/@stripe/cli-darwin-x64": {
      "version": "1.50.1",
      "resolved": "https://registry.npmjs.org/@stripe/cli-darwin-x64/-/cli-darwin-x64-1.50.1.tgz",
      "integrity": "sha512-tbRYaKg0DFJnrpMGd1Vs2F8oeyPQ+r+IqbfPIfhUgRaYeRlJ7Ry1H8JlR8NImvDNmKDImhV71PUDwQ9tlJEgPw==",
      "cpu": [
        "x64"
      ],
      "license": "MIT",
      "optional": true,
      "os": [
        "darwin"
      ]
    },
    "node_modules/@stripe/cli-linux-arm64": {
      "version": "1.50.1",
      "resolved": "https://registry.npmjs.org/@stripe/cli-linux-arm64/-/cli-linux-arm64-1.50.1.tgz",
      "integrity": "sha512-NJyrS68RVr53BNf9x8OVbKGUMOEsGdNgv0dAA7lZaPM+x6cCtNBCM1XcUfhzRS12Qos8+BmJBtM4uzl/ItXlUg==",
      "cpu": [
        "arm64"
      ],
      "license": "MIT",
      "optional": true,
      "os": [
        "linux"
      ]
    },
    "node_modules/@stripe/cli-linux-x64": {
      "version": "1.50.1",
      "resolved": "https://registry.npmjs.org/@stripe/cli-linux-x64/-/cli-linux-x64-1.50.1.tgz",
      "integrity": "sha512-Ity4wWr2NwvC5W/D7UZAcabR9yqGkqlgX5duETwvVw2rtHWJ6YMobLamXXyxH5g6a8gfi8KKDKKO/TZM1sJfLg==",
      "cpu": [
        "x64"
      ],
      "license": "MIT",
      "optional": true,
      "os": [
        "linux"
      ]
    },
    "node_modules/@stripe/cli-win32-x64": {
      "version": "1.50.1",
      "resolved": "https://registry.npmjs.org/@stripe/cli-win32-x64/-/cli-win32-x64-1.50.1.tgz",
      "integrity": "sha512-20VJmNhaPxROfuQHIbjyoMCRwPyG8jmsj3JPrTRFVPcpXbm51aAAqTvXyf0OiLhBvFQ3pmbViApUXzjbZDiGng==",
      "cpu": [
        "x64"
      ],
      "license": "MIT",
      "optional": true,
      "os": [
        "win32"
      ]
    }
  }
}
